lockfileVersion: '6.0'

settings:
  autoInstallPeers: true
  excludeLinksFromLockfile: false

dependencies:
  ollama:
    specifier: ^0.5.0
    version: 0.5.0

packages:

  /ollama@0.5.0:
    resolution: {integrity: sha512-CRtRzsho210EGdK52GrUMohA2pU+7NbgEaBG3DcYeRmvQthDO7E2LHOkLlUUeaYUlNmEd8icbjC02ug9meSYnw==}
    dependencies:
      whatwg-fetch: 3.6.20
    dev: false

  /whatwg-fetch@3.6.20:
    resolution: {integrity: sha512-EqhiFU6daOA8kpjOWTL0olhVOF3i7OrFzSYiGsEMB8GcXS+RrzauAERX65xMeNWVqxA6HXH2m69Z9LaKKdisfg==}
    dev: false
